
Microsoft Visual Studio Solution File, Format Version 12.00
# Visual Studio Version 16
VisualStudioVersion = 16.0.31129.286
MinimumVisualStudioVersion = 10.0.40219.1
Project("{FAE04EC0-301F-11D3-BF4B-00C04F79EFBC}") = "MostaceroPresentación", "MostaceroPresentación.csproj", "{580928EC-45E6-4EF7-A48C-67840E27B8A4}"
EndProject
Project("{FAE04EC0-301F-11D3-BF4B-00C04F79EFBC}") = "MostaceroDatos", "..\MostaceroDatos\MostaceroDatos.csproj", "{FF6B7EA0-E056-4A1B-838F-9769463B964F}"
EndProject
Project("{FAE04EC0-301F-11D3-BF4B-00C04F79EFBC}") = "MostaceroEntidad", "..\MostaceroEntidad\MostaceroEntidad.csproj", "{F2F1784A-1F52-44D5-907D-8CDA18A0B94D}"
EndProject
Project("{FAE04EC0-301F-11D3-BF4B-00C04F79EFBC}") = "MostaceroLogica", "..\MostaceroLogica\MostaceroLogica.csproj", "{2B44CAEB-479B-4394-9006-62322D9CE5B5}"
EndProject
Global
	GlobalSection(SolutionConfigurationPlatforms) = preSolution
		Debug|Any CPU = Debug|Any CPU
		Release|Any CPU = Release|Any CPU
	EndGlobalSection
	GlobalSection(ProjectConfigurationPlatforms) = postSolution
		{580928EC-45E6-4EF7-A48C-67840E27B8A4}.Debug|Any CPU.ActiveCfg = Debug|Any CPU
		{580928EC-45E6-4EF7-A48C-67840E27B8A4}.Debug|Any CPU.Build.0 = Debug|Any CPU
		{580928EC-45E6-4EF7-A48C-67840E27B8A4}.Release|Any CPU.ActiveCfg = Release|Any CPU
		{580928EC-45E6-4EF7-A48C-67840E27B8A4}.Release|Any CPU.Build.0 = Release|Any CPU
		{FF6B7EA0-E056-4A1B-838F-9769463B964F}.Debug|Any CPU.ActiveCfg = Debug|Any CPU
		{FF6B7EA0-E056-4A1B-838F-9769463B964F}.Debug|Any CPU.Build.0 = Debug|Any CPU
		{FF6B7EA0-E056-4A1B-838F-9769463B964F}.Release|Any CPU.ActiveCfg = Release|Any CPU
		{FF6B7EA0-E056-4A1B-838F-9769463B964F}.Release|Any CPU.Build.0 = Release|Any CPU
		{F2F1784A-1F52-44D5-907D-8CDA18A0B94D}.Debug|Any CPU.ActiveCfg = Debug|Any CPU
		{F2F1784A-1F52-44D5-907D-8CDA18A0B94D}.Debug|Any CPU.Build.0 = Debug|Any CPU
		{F2F1784A-1F52-44D5-907D-8CDA18A0B94D}.Release|Any CPU.ActiveCfg = Release|Any CPU
		{F2F1784A-1F52-44D5-907D-8CDA18A0B94D}.Release|Any CPU.Build.0 = Release|Any CPU
		{2B44CAEB-479B-4394-9006-62322D9CE5B5}.Debug|Any CPU.ActiveCfg = Debug|Any CPU
		{2B44CAEB-479B-4394-9006-62322D9CE5B5}.Debug|Any CPU.Build.0 = Debug|Any CPU
		{2B44CAEB-479B-4394-9006-62322D9CE5B5}.Release|Any CPU.ActiveCfg = Release|Any CPU
		{2B44CAEB-479B-4394-9006-62322D9CE5B5}.Release|Any CPU.Build.0 = Release|Any CPU
	EndGlobalSection
	GlobalSection(SolutionProperties) = preSolution
		HideSolutionNode = FALSE
	EndGlobalSection
	GlobalSection(ExtensibilityGlobals) = postSolution
		SolutionGuid = {D33F7218-AABA-4EE2-992B-117F4A63A54F}
	EndGlobalSection
EndGlobal
